
Microsoft Visual Studio Solution File, Format Version 12.00
# Visual Studio Version 16
VisualStudioVersion = 16.0.31424.327
MinimumVisualStudioVersion = 10.0.40219.1
Project("{8BC9CEB8-8B4A-11D0-8D11-00A0C91BC942}") = "TCPIPFileServerRecv", "TCPIPFileServerRecv\TCPIPFileServerRecv.vcxproj", "{452A4CBD-4A29-4AD3-A208-1C7926204CE1}"
EndProject
Global
	GlobalSection(SolutionConfigurationPlatforms) = preSolution
		Debug|x64 = Debug|x64
		Debug|x86 = Debug|x86
		Release|x64 = Release|x64
		Release|x86 = Release|x86
	EndGlobalSection
	GlobalSection(ProjectConfigurationPlatforms) = postSolution
		{452A4CBD-4A29-4AD3-A208-1C7926204CE1}.Debug|x64.ActiveCfg = Debug|x64
		{452A4CBD-4A29-4AD3-A208-1C7926204CE1}.Debug|x64.Build.0 = Debug|x64
		{452A4CBD-4A29-4AD3-A208-1C7926204CE1}.Debug|x86.ActiveCfg = Debug|Win32
		{452A4CBD-4A29-4AD3-A208-1C7926204CE1}.Debug|x86.Build.0 = Debug|Win32
		{452A4CBD-4A29-4AD3-A208-1C7926204CE1}.Release|x64.ActiveCfg = Release|x64
		{452A4CBD-4A29-4AD3-A208-1C7926204CE1}.Release|x64.Build.0 = Release|x64
		{452A4CBD-4A29-4AD3-A208-1C7926204CE1}.Release|x86.ActiveCfg = Release|Win32
		{452A4CBD-4A29-4AD3-A208-1C7926204CE1}.Release|x86.Build.0 = Release|Win32
	EndGlobalSection
	GlobalSection(SolutionProperties) = preSolution
		HideSolutionNode = FALSE
	EndGlobalSection
	GlobalSection(ExtensibilityGlobals) = postSolution
		SolutionGuid = {026474FA-D49C-4B24-91FA-644A67F113B9}
	EndGlobalSection
EndGlobal
