
Microsoft Visual Studio Solution File, Format Version 12.00
# Visual Studio Version 16
VisualStudioVersion = 16.0.31205.134
MinimumVisualStudioVersion = 10.0.40219.1
Project("{8BC9CEB8-8B4A-11D0-8D11-00A0C91BC942}") = "VideoRecorder", "VideoRecorder\VideoRecorder.vcxproj", "{52CF27ED-0971-4C21-8166-F53231599E74}"
EndProject
Global
	GlobalSection(SolutionConfigurationPlatforms) = preSolution
		Debug|x64 = Debug|x64
		Debug|x86 = Debug|x86
		Release|x64 = Release|x64
		Release|x86 = Release|x86
	EndGlobalSection
	GlobalSection(ProjectConfigurationPlatforms) = postSolution
		{52CF27ED-0971-4C21-8166-F53231599E74}.Debug|x64.ActiveCfg = Debug|x64
		{52CF27ED-0971-4C21-8166-F53231599E74}.Debug|x64.Build.0 = Debug|x64
		{52CF27ED-0971-4C21-8166-F53231599E74}.Debug|x86.ActiveCfg = Debug|Win32
		{52CF27ED-0971-4C21-8166-F53231599E74}.Debug|x86.Build.0 = Debug|Win32
		{52CF27ED-0971-4C21-8166-F53231599E74}.Release|x64.ActiveCfg = Release|x64
		{52CF27ED-0971-4C21-8166-F53231599E74}.Release|x64.Build.0 = Release|x64
		{52CF27ED-0971-4C21-8166-F53231599E74}.Release|x86.ActiveCfg = Release|Win32
		{52CF27ED-0971-4C21-8166-F53231599E74}.Release|x86.Build.0 = Release|Win32
	EndGlobalSection
	GlobalSection(SolutionProperties) = preSolution
		HideSolutionNode = FALSE
	EndGlobalSection
	GlobalSection(ExtensibilityGlobals) = postSolution
		SolutionGuid = {3F0569BF-8FFE-46CF-9891-F2046F3D0AAF}
	EndGlobalSection
EndGlobal
